
Microsoft Visual Studio Solution File, Format Version 12.00
# Visual Studio Version 16
VisualStudioVersion = 16.0.30804.86
MinimumVisualStudioVersion = 10.0.40219.1
Project("{FAE04EC0-301F-11D3-BF4B-00C04F79EFBC}") = "PhotoTest", "PhotoTest\PhotoTest.csproj", "{D118F81B-D1CC-4491-86BB-A42D36B2CABB}"
EndProject
Global
	GlobalSection(SolutionConfigurationPlatforms) = preSolution
		Debug|Any CPU = Debug|Any CPU
		Release|Any CPU = Release|Any CPU
	EndGlobalSection
	GlobalSection(ProjectConfigurationPlatforms) = postSolution
		{D118F81B-D1CC-4491-86BB-A42D36B2CABB}.Debug|Any CPU.ActiveCfg = Debug|Any CPU
		{D118F81B-D1CC-4491-86BB-A42D36B2CABB}.Debug|Any CPU.Build.0 = Debug|Any CPU
		{D118F81B-D1CC-4491-86BB-A42D36B2CABB}.Release|Any CPU.ActiveCfg = Release|Any CPU
		{D118F81B-D1CC-4491-86BB-A42D36B2CABB}.Release|Any CPU.Build.0 = Release|Any CPU
	EndGlobalSection
	GlobalSection(SolutionProperties) = preSolution
		HideSolutionNode = FALSE
	EndGlobalSection
	GlobalSection(ExtensibilityGlobals) = postSolution
		SolutionGuid = {32D47A41-B1C4-46EC-AC1B-09791ED35741}
	EndGlobalSection
EndGlobal
